
Microsoft Visual Studio Solution File, Format Version 12.00
# Visual Studio Version 16
VisualStudioVersion = 16.0.31702.278
MinimumVisualStudioVersion = 10.0.40219.1
Project("{9A19103F-16F7-4668-BE54-9A1E7A4F7556}") = "Pz1", "ConsoleApp2\Pz1.csproj", "{F5AA23C4-E32E-443C-B844-4D392BC712E4}"
EndProject
Project("{9A19103F-16F7-4668-BE54-9A1E7A4F7556}") = "PzGraph", "PzGrath\PzGraph.csproj", "{9A7E33DF-1B4F-4FF5-BA30-87003C531633}"
EndProject
Project("{9A19103F-16F7-4668-BE54-9A1E7A4F7556}") = "PzBalance", "PzBalance\PzBalance.csproj", "{C7DE405E-451B-4736-92F5-EDB595AB468F}"
EndProject
Project("{9A19103F-16F7-4668-BE54-9A1E7A4F7556}") = "Pz_4_SerthTree", "Pz_4_SerthTree\Pz_4_SerthTree.csproj", "{4E9055A8-C787-462B-A11E-23E6141EE39C}"
EndProject
Project("{FAE04EC0-301F-11D3-BF4B-00C04F79EFBC}") = "Pz_5_Interface", "Pz_5_Interface\Pz_5_Interface.csproj", "{217870D2-AB43-4235-9B32-ADC8760CFFB7}"
EndProject
Global
	GlobalSection(SolutionConfigurationPlatforms) = preSolution
		Debug|Any CPU = Debug|Any CPU
		Release|Any CPU = Release|Any CPU
	EndGlobalSection
	GlobalSection(ProjectConfigurationPlatforms) = postSolution
		{F5AA23C4-E32E-443C-B844-4D392BC712E4}.Debug|Any CPU.ActiveCfg = Debug|Any CPU
		{F5AA23C4-E32E-443C-B844-4D392BC712E4}.Debug|Any CPU.Build.0 = Debug|Any CPU
		{F5AA23C4-E32E-443C-B844-4D392BC712E4}.Release|Any CPU.ActiveCfg = Release|Any CPU
		{F5AA23C4-E32E-443C-B844-4D392BC712E4}.Release|Any CPU.Build.0 = Release|Any CPU
		{9A7E33DF-1B4F-4FF5-BA30-87003C531633}.Debug|Any CPU.ActiveCfg = Debug|Any CPU
		{9A7E33DF-1B4F-4FF5-BA30-87003C531633}.Debug|Any CPU.Build.0 = Debug|Any CPU
		{9A7E33DF-1B4F-4FF5-BA30-87003C531633}.Release|Any CPU.ActiveCfg = Release|Any CPU
		{9A7E33DF-1B4F-4FF5-BA30-87003C531633}.Release|Any CPU.Build.0 = Release|Any CPU
		{C7DE405E-451B-4736-92F5-EDB595AB468F}.Debug|Any CPU.ActiveCfg = Debug|Any CPU
		{C7DE405E-451B-4736-92F5-EDB595AB468F}.Debug|Any CPU.Build.0 = Debug|Any CPU
		{C7DE405E-451B-4736-92F5-EDB595AB468F}.Release|Any CPU.ActiveCfg = Release|Any CPU
		{C7DE405E-451B-4736-92F5-EDB595AB468F}.Release|Any CPU.Build.0 = Release|Any CPU
		{4E9055A8-C787-462B-A11E-23E6141EE39C}.Debug|Any CPU.ActiveCfg = Debug|Any CPU
		{4E9055A8-C787-462B-A11E-23E6141EE39C}.Debug|Any CPU.Build.0 = Debug|Any CPU
		{4E9055A8-C787-462B-A11E-23E6141EE39C}.Release|Any CPU.ActiveCfg = Release|Any CPU
		{4E9055A8-C787-462B-A11E-23E6141EE39C}.Release|Any CPU.Build.0 = Release|Any CPU
		{217870D2-AB43-4235-9B32-ADC8760CFFB7}.Debug|Any CPU.ActiveCfg = Debug|Any CPU
		{217870D2-AB43-4235-9B32-ADC8760CFFB7}.Debug|Any CPU.Build.0 = Debug|Any CPU
		{217870D2-AB43-4235-9B32-ADC8760CFFB7}.Release|Any CPU.ActiveCfg = Release|Any CPU
		{217870D2-AB43-4235-9B32-ADC8760CFFB7}.Release|Any CPU.Build.0 = Release|Any CPU
	EndGlobalSection
	GlobalSection(SolutionProperties) = preSolution
		HideSolutionNode = FALSE
	EndGlobalSection
	GlobalSection(ExtensibilityGlobals) = postSolution
		SolutionGuid = {396C0DE7-7C3D-4AD7-BB32-46E440B7B66F}
	EndGlobalSection
EndGlobal
